{
  "nodes": {
    "crane": {
      "locked": {
        "lastModified": 1728344376,
        "narHash": "sha256-lxTce2XE6mfJH8Zk6yBbqsbu9/jpwdymbSH5cCbiVOA=",
        "owner": "ipetkov",
        "repo": "crane",
        "rev": "fd86b78f5f35f712c72147427b1eb81a9bd55d0b",
        "type": "github"
      },
      "original": {
        "owner": "ipetkov",
        "repo": "crane",
        "type": "github"
      }
    },
    "get-flake": {
      "locked": {
        "lastModified": 1714237590,
        "narHash": "sha256-9gtHdGbzFHaR20xORN8IYd67ROWS+1nqQ5CsPf9MD8I=",
        "owner": "ursi",
        "repo": "get-flake",
        "rev": "a6c57417d1b857b8be53aba4095869a0f438c502",
        "type": "github"
      },
      "original": {
        "owner": "ursi",
        "repo": "get-flake",
        "type": "github"
      }
    },
    "nixpkgs": {
      "locked": {
        "lastModified": 1728538411,
        "narHash": "sha256-f0SBJz1eZ2yOuKUr5CA9BHULGXVSn6miBuUWdTyhUhU=",
        "owner": "NixOS",
        "repo": "nixpkgs",
        "rev": "b69de56fac8c2b6f8fd27f2eca01dcda8e0a4221",
        "type": "github"
      },
      "original": {
        "owner": "NixOS",
        "ref": "nixpkgs-unstable",
        "repo": "nixpkgs",
        "type": "github"
      }
    },
    "root": {
      "inputs": {
        "crane": "crane",
        "get-flake": "get-flake",
        "nixpkgs": "nixpkgs"
      }
    }
  },
  "root": "root",
  "version": 7
}
